// !$*UTF8*$!
{
	archiveVersion = 1;
	classes = {
	};
	objectVersion = 50;
	objects = {

/* Begin PBXBuildFile section */
		320EEE5D209B44F600529A63 /* AppDelegate.swift in Sources */ = {isa = PBXBuildFile; fileRef = 320EEE5C209B44F600529A63 /* AppDelegate.swift */; };
		320EEE5F209B44F600529A63 /* art.scnassets in Resources */ = {isa = PBXBuildFile; fileRef = 320EEE5E209B44F600529A63 /* art.scnassets */; };
		320EEE61209B44F600529A63 /* ViewController.swift in Sources */ = {isa = PBXBuildFile; fileRef = 320EEE60209B44F600529A63 /* ViewController.swift */; };
		320EEE64209B44F700529A63 /* Main.storyboard in Resources */ = {isa = PBXBuildFile; fileRef = 320EEE62209B44F700529A63 /* Main.storyboard */; };
		320EEE66209B44F700529A63 /* Assets.xcassets in Resources */ = {isa = PBXBuildFile; fileRef = 320EEE65209B44F700529A63 /* Assets.xcassets */; };
		320EEE69209B44F700529A63 /* LaunchScreen.storyboard in Resources */ = {isa = PBXBuildFile; fileRef = 320EEE67209B44F700529A63 /* LaunchScreen.storyboard */; };
		320EEE74209B44F700529A63 /* powerTests.swift in Sources */ = {isa = PBXBuildFile; fileRef = 320EEE73209B44F700529A63 /* powerTests.swift */; };
		320EEE7F209B44F700529A63 /* powerUITests.swift in Sources */ = {isa = PBXBuildFile; fileRef = 320EEE7E209B44F700529A63 /* powerUITests.swift */; };
/* End PBXBuildFile section */

/* Begin PBXContainerItemProxy section */
		320EEE70209B44F700529A63 /* PBXContainerItemProxy */ = {
			isa = PBXContainerItemProxy;
			containerPortal = 320EEE51209B44F600529A63 /* Project object */;
			proxyType = 1;
			remoteGlobalIDString = 320EEE58209B44F600529A63;
			remoteInfo = power;
		};
		320EEE7B209B44F700529A63 /* PBXContainerItemProxy */ = {
			isa = PBXContainerItemProxy;
			containerPortal = 320EEE51209B44F600529A63 /* Project object */;
			proxyType = 1;
			remoteGlobalIDString = 320EEE58209B44F600529A63;
			remoteInfo = power;
		};
/* End PBXContainerItemProxy section */

/* Begin PBXFileReference section */
		320EEE59209B44F600529A63 /* power.app */ = {isa = PBXFileReference; explicitFileType = wrapper.application; includeInIndex = 0; path = power.app; sourceTree = BUILT_PRODUCTS_DIR; };
		320EEE5C209B44F600529A63 /* AppDelegate.swift */ = {isa = PBXFileReference; lastKnownFileType = sourcecode.swift; path = AppDelegate.swift; sourceTree = "<group>"; };
		320EEE5E209B44F600529A63 /* art.scnassets */ = {isa = PBXFileReference; lastKnownFileType = wrapper.scnassets; path = art.scnassets; sourceTree = "<group>"; };
		320EEE60209B44F600529A63 /* ViewController.swift */ = {isa = PBXFileReference; lastKnownFileType = sourcecode.swift; path = ViewController.swift; sourceTree = "<group>"; };
		320EEE63209B44F700529A63 /* Base */ = {isa = PBXFileReference; lastKnownFileType = file.storyboard; name = Base; path = Base.lproj/Main.storyboard; sourceTree = "<group>"; };
		320EEE65209B44F700529A63 /* Assets.xcassets */ = {isa = PBXFileReference; lastKnownFileType = folder.assetcatalog; path = Assets.xcassets; sourceTree = "<group>"; };
		320EEE68209B44F700529A63 /* Base */ = {isa = PBXFileReference; lastKnownFileType = file.storyboard; name = Base; path = Base.lproj/LaunchScreen.storyboard; sourceTree = "<group>"; };
		320EEE6A209B44F700529A63 /* Info.plist */ = {isa = PBXFileReference; lastKnownFileType = text.plist.xml; path = Info.plist; sourceTree = "<group>"; };
		320EEE6F209B44F700529A63 /* powerTests.xctest */ = {isa = PBXFileReference; explicitFileType = wrapper.cfbundle; includeInIndex = 0; path = powerTests.xctest; sourceTree = BUILT_PRODUCTS_DIR; };
		320EEE73209B44F700529A63 /* powerTests.swift */ = {isa = PBXFileReference; lastKnownFileType = sourcecode.swift; path = powerTests.swift; sourceTree = "<group>"; };
		320EEE75209B44F700529A63 /* Info.plist */ = {isa = PBXFileReference; lastKnownFileType = text.plist.xml; path = Info.plist; sourceTree = "<group>"; };
		320EEE7A209B44F700529A63 /* powerUITests.xctest */ = {isa = PBXFileReference; explicitFileType = wrapper.cfbundle; includeInIndex = 0; path = powerUITests.xctest; sourceTree = BUILT_PRODUCTS_DIR; };
		320EEE7E209B44F700529A63 /* powerUITests.swift */ = {isa = PBXFileReference; lastKnownFileType = sourcecode.swift; path = powerUITests.swift; sourceTree = "<group>"; };
		320EEE80209B44F700529A63 /* Info.plist */ = {isa = PBXFileReference; lastKnownFileType = text.plist.xml; path = Info.plist; sourceTree = "<group>"; };
/* End PBXFileReference section */

/* Begin PBXFrameworksBuildPhase section */
		320EEE56209B44F600529A63 /* Frameworks */ = {
			isa = PBXFrameworksBuildPhase;
			buildActionMask = 2147483647;
			files = (
			);
			runOnlyForDeploymentPostprocessing = 0;
		};
		320EEE6C209B44F700529A63 /* Frameworks */ = {
			isa = PBXFrameworksBuildPhase;
			buildActionMask = 2147483647;
			files = (
			);
			runOnlyForDeploymentPostprocessing = 0;
		};
		320EEE77209B44F700529A63 /* Frameworks */ = {
			isa = PBXFrameworksBuildPhase;
			buildActionMask = 2147483647;
			files = (
			);
			runOnlyForDeploymentPostprocessing = 0;
		};
/* End PBXFrameworksBuildPhase section */

/* Begin PBXGroup section */
		320EEE50209B44F600529A63 = {
			isa = PBXGroup;
			children = (
				320EEE5B209B44F600529A63 /* power */,
				320EEE72209B44F700529A63 /* powerTests */,
				320EEE7D209B44F700529A63 /* powerUITests */,
				320EEE5A209B44F600529A63 /* Products */,
			);
			sourceTree = "<group>";
		};
		320EEE5A209B44F600529A63 /* Products */ = {
			isa = PBXGroup;
			children = (
				320EEE59209B44F600529A63 /* power.app */,
				320EEE6F209B44F700529A63 /* powerTests.xctest */,
				320EEE7A209B44F700529A63 /* powerUITests.xctest */,
			);
			name = Products;
			sourceTree = "<group>";
		};
		320EEE5B209B44F600529A63 /* power */ = {
			isa = PBXGroup;
			children = (
				320EEE5C209B44F600529A63 /* AppDelegate.swift */,
				320EEE5E209B44F600529A63 /* art.scnassets */,
				320EEE60209B44F600529A63 /* ViewController.swift */,
				320EEE62209B44F700529A63 /* Main.storyboard */,
				320EEE65209B44F700529A63 /* Assets.xcassets */,
				320EEE67209B44F700529A63 /* LaunchScreen.storyboard */,
				320EEE6A209B44F700529A63 /* Info.plist */,
			);
			path = power;
			sourceTree = "<group>";
		};
		320EEE72209B44F700529A63 /* powerTests */ = {
			isa = PBXGroup;
			children = (
				320EEE73209B44F700529A63 /* powerTests.swift */,
				320EEE75209B44F700529A63 /* Info.plist */,
			);
			path = powerTests;
			sourceTree = "<group>";
		};
		320EEE7D209B44F700529A63 /* powerUITests */ = {
			isa = PBXGroup;
			children = (
				320EEE7E209B44F700529A63 /* powerUITests.swift */,
				320EEE80209B44F700529A63 /* Info.plist */,
			);
			path = powerUITests;
			sourceTree = "<group>";
		};
/* End PBXGroup section */

/* Begin PBXNativeTarget section */
		320EEE58209B44F600529A63 /* power */ = {
			isa = PBXNativeTarget;
			buildConfigurationList = 320EEE83209B44F700529A63 /* Build configuration list for PBXNativeTarget "power" */;
			buildPhases = (
				320EEE55209B44F600529A63 /* Sources */,
				320EEE56209B44F600529A63 /* Frameworks */,
				320EEE57209B44F600529A63 /* Resources */,
			);
			buildRules = (
			);
			dependencies = (
			);
			name = power;
			productName = power;
			productReference = 320EEE59209B44F600529A63 /* power.app */;
			productType = "com.apple.product-type.application";
		};
		320EEE6E209B44F700529A63 /* powerTests */ = {
			isa = PBXNativeTarget;
			buildConfigurationList = 320EEE86209B44F700529A63 /* Build configuration list for PBXNativeTarget "powerTests" */;
			buildPhases = (
				320EEE6B209B44F700529A63 /* Sources */,
				320EEE6C209B44F700529A63 /* Frameworks */,
				320EEE6D209B44F700529A63 /* Resources */,
			);
			buildRules = (
			);
			dependencies = (
				320EEE71209B44F700529A63 /* PBXTargetDependency */,
			);
			name = powerTests;
			productName = powerTests;
			productReference = 320EEE6F209B44F700529A63 /* powerTests.xctest */;
			productType = "com.apple.product-type.bundle.unit-test";
		};
		320EEE79209B44F700529A63 /* powerUITests */ = {
			isa = PBXNativeTarget;
			buildConfigurationList = 320EEE89209B44F700529A63 /* Build configuration list for PBXNativeTarget "powerUITests" */;
			buildPhases = (
				320EEE76209B44F700529A63 /* Sources */,
				320EEE77209B44F700529A63 /* Frameworks */,
				320EEE78209B44F700529A63 /* Resources */,
			);
			buildRules = (
			);
			dependencies = (
				320EEE7C209B44F700529A63 /* PBXTargetDependency */,
			);
			name = powerUITests;
			productName = powerUITests;
			productReference = 320EEE7A209B44F700529A63 /* powerUITests.xctest */;
			productType = "com.apple.product-type.bundle.ui-testing";
		};
/* End PBXNativeTarget section */

/* Begin PBXProject section */
		320EEE51209B44F600529A63 /* Project object */ = {
			isa = PBXProject;
			attributes = {
				LastSwiftUpdateCheck = 0930;
				LastUpgradeCheck = 0930;
				ORGANIZATIONNAME = "Team Powerpuff";
				TargetAttributes = {
					320EEE58209B44F600529A63 = {
						CreatedOnToolsVersion = 9.3;
					};
					320EEE6E209B44F700529A63 = {
						CreatedOnToolsVersion = 9.3;
						TestTargetID = 320EEE58209B44F600529A63;
					};
					320EEE79209B44F700529A63 = {
						CreatedOnToolsVersion = 9.3;
						TestTargetID = 320EEE58209B44F600529A63;
					};
				};
			};
			buildConfigurationList = 320EEE54209B44F600529A63 /* Build configuration list for PBXProject "power" */;
			compatibilityVersion = "Xcode 9.3";
			developmentRegion = en;
			hasScannedForEncodings = 0;
			knownRegions = (
				en,
				Base,
			);
			mainGroup = 320EEE50209B44F600529A63;
			productRefGroup = 320EEE5A209B44F600529A63 /* Products */;
			projectDirPath = "";
			projectRoot = "";
			targets = (
				320EEE58209B44F600529A63 /* power */,
				320EEE6E209B44F700529A63 /* powerTests */,
				320EEE79209B44F700529A63 /* powerUITests */,
			);
		};
/* End PBXProject section */

/* Begin PBXResourcesBuildPhase section */
		320EEE57209B44F600529A63 /* Resources */ = {
			isa = PBXResourcesBuildPhase;
			buildActionMask = 2147483647;
			files = (
				320EEE5F209B44F600529A63 /* art.scnassets in Resources */,
				320EEE69209B44F700529A63 /* LaunchScreen.storyboard in Resources */,
				320EEE66209B44F700529A63 /* Assets.xcassets in Resources */,
				320EEE64209B44F700529A63 /* Main.storyboard in Resources */,
			);
			runOnlyForDeploymentPostprocessing = 0;
		};
		320EEE6D209B44F700529A63 /* Resources */ = {
			isa = PBXResourcesBuildPhase;
			buildActionMask = 2147483647;
			files = (
			);
			runOnlyForDeploymentPostprocessing = 0;
		};
		320EEE78209B44F700529A63 /* Resources */ = {
			isa = PBXResourcesBuildPhase;
			buildActionMask = 2147483647;
			files = (
			);
			runOnlyForDeploymentPostprocessing = 0;
		};
/* End PBXResourcesBuildPhase section */

/* Begin PBXSourcesBuildPhase section */
		320EEE55209B44F600529A63 /* Sources */ = {
			isa = PBXSourcesBuildPhase;
			buildActionMask = 2147483647;
			files = (
				320EEE61209B44F600529A63 /* ViewController.swift in Sources */,
				320EEE5D209B44F600529A63 /* AppDelegate.swift in Sources */,
			);
			runOnlyForDeploymentPostprocessing = 0;
		};
		320EEE6B209B44F700529A63 /* Sources */ = {
			isa = PBXSourcesBuildPhase;
			buildActionMask = 2147483647;
			files = (
				320EEE74209B44F700529A63 /* powerTests.swift in Sources */,
			);
			runOnlyForDeploymentPostprocessing = 0;
		};
		320EEE76209B44F700529A63 /* Sources */ = {
			isa = PBXSourcesBuildPhase;
			buildActionMask = 2147483647;
			files = (
				320EEE7F209B44F700529A63 /* powerUITests.swift in Sources */,
			);
			runOnlyForDeploymentPostprocessing = 0;
		};
/* End PBXSourcesBuildPhase section */

/* Begin PBXTargetDependency section */
		320EEE71209B44F700529A63 /* PBXTargetDependency */ = {
			isa = PBXTargetDependency;
			target = 320EEE58209B44F600529A63 /* power */;
			targetProxy = 320EEE70209B44F700529A63 /* PBXContainerItemProxy */;
		};
		320EEE7C209B44F700529A63 /* PBXTargetDependency */ = {
			isa = PBXTargetDependency;
			target = 320EEE58209B44F600529A63 /* power */;
			targetProxy = 320EEE7B209B44F700529A63 /* PBXContainerItemProxy */;
		};
/* End PBXTargetDependency section */

/* Begin PBXVariantGroup section */
		320EEE62209B44F700529A63 /* Main.storyboard */ = {
			isa = PBXVariantGroup;
			children = (
				320EEE63209B44F700529A63 /* Base */,
			);
			name = Main.storyboard;
			sourceTree = "<group>";
		};
		320EEE67209B44F700529A63 /* LaunchScreen.storyboard */ = {
			isa = PBXVariantGroup;
			children = (
				320EEE68209B44F700529A63 /* Base */,
			);
			name = LaunchScreen.storyboard;
			sourceTree = "<group>";
		};
/* End PBXVariantGroup section */

/* Begin XCBuildConfiguration section */
		320EEE81209B44F700529A63 /* Debug */ = {
			isa = XCBuildConfiguration;
			buildSettings = {
				ALWAYS_SEARCH_USER_PATHS = NO;
				CLANG_ANALYZER_NONNULL = YES;
				CLANG_ANALYZER_NUMBER_OBJECT_CONVERSION = YES_AGGRESSIVE;
				CLANG_CXX_LANGUAGE_STANDARD = "gnu++14";
				CLANG_CXX_LIBRARY = "libc++";
				CLANG_ENABLE_MODULES = YES;
				CLANG_ENABLE_OBJC_ARC = YES;
				CLANG_ENABLE_OBJC_WEAK = YES;
				CLANG_WARN_BLOCK_CAPTURE_AUTORELEASING = YES;
				CLANG_WARN_BOOL_CONVERSION = YES;
				CLANG_WARN_COMMA = YES;
				CLANG_WARN_CONSTANT_CONVERSION = YES;
				CLANG_WARN_DEPRECATED_OBJC_IMPLEMENTATIONS = YES;
				CLANG_WARN_DIRECT_OBJC_ISA_USAGE = YES_ERROR;
				CLANG_WARN_DOCUMENTATION_COMMENTS = YES;
				CLANG_WARN_EMPTY_BODY = YES;
				CLANG_WARN_ENUM_CONVERSION = YES;
				CLANG_WARN_INFINITE_RECURSION = YES;
				CLANG_WARN_INT_CONVERSION = YES;
				CLANG_WARN_NON_LITERAL_NULL_CONVERSION = YES;
				CLANG_WARN_OBJC_IMPLICIT_RETAIN_SELF = YES;
				CLANG_WARN_OBJC_LITERAL_CONVERSION = YES;
				CLANG_WARN_OBJC_ROOT_CLASS = YES_ERROR;
				CLANG_WARN_RANGE_LOOP_ANALYSIS = YES;
				CLANG_WARN_STRICT_PROTOTYPES = YES;
				CLANG_WARN_SUSPICIOUS_MOVE = YES;
				CLANG_WARN_UNGUARDED_AVAILABILITY = YES_AGGRESSIVE;
				CLANG_WARN_UNREACHABLE_CODE = YES;
				CLANG_WARN__DUPLICATE_METHOD_MATCH = YES;
				CODE_SIGN_IDENTITY = "iPhone Developer";
				COPY_PHASE_STRIP = NO;
				DEBUG_INFORMATION_FORMAT = dwarf;
				ENABLE_STRICT_OBJC_MSGSEND = YES;
				ENABLE_TESTABILITY = YES;
				GCC_C_LANGUAGE_STANDARD = gnu11;
				GCC_DYNAMIC_NO_PIC = NO;
				GCC_NO_COMMON_BLOCKS = YES;
				GCC_OPTIMIZATION_LEVEL = 0;
				GCC_PREPROCESSOR_DEFINITIONS = (
					"DEBUG=1",
					"$(inherited)",
				);
				GCC_WARN_64_TO_32_BIT_CONVERSION = YES;
				GCC_WARN_ABOUT_RETURN_TYPE = YES_ERROR;
				GCC_WARN_UNDECLARED_SELECTOR = YES;
				GCC_WARN_UNINITIALIZED_AUTOS = YES_AGGRESSIVE;
				GCC_WARN_UNUSED_FUNCTION = YES;
				GCC_WARN_UNUSED_VARIABLE = YES;
				IPHONEOS_DEPLOYMENT_TARGET = 11.3;
				MTL_ENABLE_DEBUG_INFO = YES;
				ONLY_ACTIVE_ARCH = YES;
				SDKROOT = iphoneos;
				SWIFT_ACTIVE_COMPILATION_CONDITIONS = DEBUG;
				SWIFT_OPTIMIZATION_LEVEL = "-Onone";
			};
			name = Debug;
		};
		320EEE82209B44F700529A63 /* Release */ = {
			isa = XCBuildConfiguration;
			buildSettings = {
				ALWAYS_SEARCH_USER_PATHS = NO;
				CLANG_ANALYZER_NONNULL = YES;
				CLANG_ANALYZER_NUMBER_OBJECT_CONVERSION = YES_AGGRESSIVE;
				CLANG_CXX_LANGUAGE_STANDARD = "gnu++14";
				CLANG_CXX_LIBRARY = "libc++";
				CLANG_ENABLE_MODULES = YES;
				CLANG_ENABLE_OBJC_ARC = YES;
				CLANG_ENABLE_OBJC_WEAK = YES;
				CLANG_WARN_BLOCK_CAPTURE_AUTORELEASING = YES;
				CLANG_WARN_BOOL_CONVERSION = YES;
				CLANG_WARN_COMMA = YES;
				CLANG_WARN_CONSTANT_CONVERSION = YES;
				CLANG_WARN_DEPRECATED_OBJC_IMPLEMENTATIONS = YES;
				CLANG_WARN_DIRECT_OBJC_ISA_USAGE = YES_ERROR;
				CLANG_WARN_DOCUMENTATION_COMMENTS = YES;
				CLANG_WARN_EMPTY_BODY = YES;
				CLANG_WARN_ENUM_CONVERSION = YES;
				CLANG_WARN_INFINITE_RECURSION = YES;
				CLANG_WARN_INT_CONVERSION = YES;
				CLANG_WARN_NON_LITERAL_NULL_CONVERSION = YES;
				CLANG_WARN_OBJC_IMPLICIT_RETAIN_SELF = YES;
				CLANG_WARN_OBJC_LITERAL_CONVERSION = YES;
				CLANG_WARN_OBJC_ROOT_CLASS = YES_ERROR;
				CLANG_WARN_RANGE_LOOP_ANALYSIS = YES;
				CLANG_WARN_STRICT_PROTOTYPES = YES;
				CLANG_WARN_SUSPICIOUS_MOVE = YES;
				CLANG_WARN_UNGUARDED_AVAILABILITY = YES_AGGRESSIVE;
				CLANG_WARN_UNREACHABLE_CODE = YES;
				CLANG_WARN__DUPLICATE_METHOD_MATCH = YES;
				CODE_SIGN_IDENTITY = "iPhone Developer";
				COPY_PHASE_STRIP = NO;
				DEBUG_INFORMATION_FORMAT = "dwarf-with-dsym";
				ENABLE_NS_ASSERTIONS = NO;
				ENABLE_STRICT_OBJC_MSGSEND = YES;
				GCC_C_LANGUAGE_STANDARD = gnu11;
				GCC_NO_COMMON_BLOCKS = YES;
				GCC_WARN_64_TO_32_BIT_CONVERSION = YES;
				GCC_WARN_ABOUT_RETURN_TYPE = YES_ERROR;
				GCC_WARN_UNDECLARED_SELECTOR = YES;
				GCC_WARN_UNINITIALIZED_AUTOS = YES_AGGRESSIVE;
				GCC_WARN_UNUSED_FUNCTION = YES;
				GCC_WARN_UNUSED_VARIABLE = YES;
				IPHONEOS_DEPLOYMENT_TARGET = 11.3;
				MTL_ENABLE_DEBUG_INFO = NO;
				SDKROOT = iphoneos;
				SWIFT_COMPILATION_MODE = wholemodule;
				SWIFT_OPTIMIZATION_LEVEL = "-O";
				VALIDATE_PRODUCT = YES;
			};
			name = Release;
		};
		320EEE84209B44F700529A63 /* Debug */ = {
			isa = XCBuildConfiguration;
			buildSettings = {
				ASSETCATALOG_COMPILER_APPICON_NAME = AppIcon;
				CODE_SIGN_STYLE = Automatic;
				DEVELOPMENT_TEAM = 4BKMRK5X96;
				INFOPLIST_FILE = power/Info.plist;
				LD_RUNPATH_SEARCH_PATHS = (
					"$(inherited)",
					"@executable_path/Frameworks",
				);
				PRODUCT_BUNDLE_IDENTIFIER = com.example;
				PRODUCT_NAME = "$(TARGET_NAME)";
				SWIFT_VERSION = 4.0;
				TARGETED_DEVICE_FAMILY = "1,2";
			};
			name = Debug;
		};
		320EEE85209B44F700529A63 /* Release */ = {
			isa = XCBuildConfiguration;
			buildSettings = {
				ASSETCATALOG_COMPILER_APPICON_NAME = AppIcon;
				CODE_SIGN_STYLE = Automatic;
				DEVELOPMENT_TEAM = 4BKMRK5X96;
				INFOPLIST_FILE = power/Info.plist;
				LD_RUNPATH_SEARCH_PATHS = (
					"$(inherited)",
					"@executable_path/Frameworks",
				);
				PRODUCT_BUNDLE_IDENTIFIER = com.example;
				PRODUCT_NAME = "$(TARGET_NAME)";
				SWIFT_VERSION = 4.0;
				TARGETED_DEVICE_FAMILY = "1,2";
			};
			name = Release;
		};
		320EEE87209B44F700529A63 /* Debug */ = {
			isa = XCBuildConfiguration;
			buildSettings = {
				ALWAYS_EMBED_SWIFT_STANDARD_LIBRARIES = YES;
				BUNDLE_LOADER = "$(TEST_HOST)";
				CODE_SIGN_STYLE = Automatic;
				DEVELOPMENT_TEAM = 4BKMRK5X96;
				INFOPLIST_FILE = powerTests/Info.plist;
				LD_RUNPATH_SEARCH_PATHS = (
					"$(inherited)",
					"@executable_path/Frameworks",
					"@loader_path/Frameworks",
				);
				PRODUCT_BUNDLE_IDENTIFIER = com.example.powerTests;
				PRODUCT_NAME = "$(TARGET_NAME)";
				SWIFT_VERSION = 4.0;
				TARGETED_DEVICE_FAMILY = "1,2";
				TEST_HOST = "$(BUILT_PRODUCTS_DIR)/power.app/power";
			};
			name = Debug;
		};
		320EEE88209B44F700529A63 /* Release */ = {
			isa = XCBuildConfiguration;
			buildSettings = {
				ALWAYS_EMBED_SWIFT_STANDARD_LIBRARIES = YES;
				BUNDLE_LOADER = "$(TEST_HOST)";
				CODE_SIGN_STYLE = Automatic;
				DEVELOPMENT_TEAM = 4BKMRK5X96;
				INFOPLIST_FILE = powerTests/Info.plist;
				LD_RUNPATH_SEARCH_PATHS = (
					"$(inherited)",
					"@executable_path/Frameworks",
					"@loader_path/Frameworks",
				);
				PRODUCT_BUNDLE_IDENTIFIER = com.example.powerTests;
				PRODUCT_NAME = "$(TARGET_NAME)";
				SWIFT_VERSION = 4.0;
				TARGETED_DEVICE_FAMILY = "1,2";
				TEST_HOST = "$(BUILT_PRODUCTS_DIR)/power.app/power";
			};
			name = Release;
		};
		320EEE8A209B44F700529A63 /* Debug */ = {
			isa = XCBuildConfiguration;
			buildSettings = {
				ALWAYS_EMBED_SWIFT_STANDARD_LIBRARIES = YES;
				CODE_SIGN_STYLE = Automatic;
				DEVELOPMENT_TEAM = 4BKMRK5X96;
				INFOPLIST_FILE = powerUITests/Info.plist;
				LD_RUNPATH_SEARCH_PATHS = (
					"$(inherited)",
					"@executable_path/Frameworks",
					"@loader_path/Frameworks",
				);
				PRODUCT_BUNDLE_IDENTIFIER = com.example.powerUITests;
				PRODUCT_NAME = "$(TARGET_NAME)";
				SWIFT_VERSION = 4.0;
				TARGETED_DEVICE_FAMILY = "1,2";
				TEST_TARGET_NAME = power;
			};
			name = Debug;
		};
		320EEE8B209B44F700529A63 /* Release */ = {
			isa = XCBuildConfiguration;
			buildSettings = {
				ALWAYS_EMBED_SWIFT_STANDARD_LIBRARIES = YES;
				CODE_SIGN_STYLE = Automatic;
				DEVELOPMENT_TEAM = 4BKMRK5X96;
				INFOPLIST_FILE = powerUITests/Info.plist;
				LD_RUNPATH_SEARCH_PATHS = (
					"$(inherited)",
					"@executable_path/Frameworks",
					"@loader_path/Frameworks",
				);
				PRODUCT_BUNDLE_IDENTIFIER = com.example.powerUITests;
				PRODUCT_NAME = "$(TARGET_NAME)";
				SWIFT_VERSION = 4.0;
				TARGETED_DEVICE_FAMILY = "1,2";
				TEST_TARGET_NAME = power;
			};
			name = Release;
		};
/* End XCBuildConfiguration section */

/* Begin XCConfigurationList section */
		320EEE54209B44F600529A63 /* Build configuration list for PBXProject "power" */ = {
			isa = XCConfigurationList;
			buildConfigurations = (
				320EEE81209B44F700529A63 /* Debug */,
				320EEE82209B44F700529A63 /* Release */,
			);
			defaultConfigurationIsVisible = 0;
			defaultConfigurationName = Release;
		};
		320EEE83209B44F700529A63 /* Build configuration list for PBXNativeTarget "power" */ = {
			isa = XCConfigurationList;
			buildConfigurations = (
				320EEE84209B44F700529A63 /* Debug */,
				320EEE85209B44F700529A63 /* Release */,
			);
			defaultConfigurationIsVisible = 0;
			defaultConfigurationName = Release;
		};
		320EEE86209B44F700529A63 /* Build configuration list for PBXNativeTarget "powerTests" */ = {
			isa = XCConfigurationList;
			buildConfigurations = (
				320EEE87209B44F700529A63 /* Debug */,
				320EEE88209B44F700529A63 /* Release */,
			);
			defaultConfigurationIsVisible = 0;
			defaultConfigurationName = Release;
		};
		320EEE89209B44F700529A63 /* Build configuration list for PBXNativeTarget "powerUITests" */ = {
			isa = XCConfigurationList;
			buildConfigurations = (
				320EEE8A209B44F700529A63 /* Debug */,
				320EEE8B209B44F700529A63 /* Release */,
			);
			defaultConfigurationIsVisible = 0;
			defaultConfigurationName = Release;
		};
/* End XCConfigurationList section */
	};
	rootObject = 320EEE51209B44F600529A63 /* Project object */;
}
